
Microsoft Visual Studio Solution File, Format Version 12.00
# Visual Studio Version 17
VisualStudioVersion = 17.1.32319.34
MinimumVisualStudioVersion = 10.0.40219.1
Project("{FAE04EC0-301F-11D3-BF4B-00C04F79EFBC}") = "CourseWork", "CourseWork\CourseWork.csproj", "{CF8181E5-79CA-4F6D-9222-3C6FAE0F505A}"
EndProject
Global
	GlobalSection(SolutionConfigurationPlatforms) = preSolution
		Debug|Any CPU = Debug|Any CPU
		Release|Any CPU = Release|Any CPU
	EndGlobalSection
	GlobalSection(ProjectConfigurationPlatforms) = postSolution
		{CF8181E5-79CA-4F6D-9222-3C6FAE0F505A}.Debug|Any CPU.ActiveCfg = Debug|Any CPU
		{CF8181E5-79CA-4F6D-9222-3C6FAE0F505A}.Debug|Any CPU.Build.0 = Debug|Any CPU
		{CF8181E5-79CA-4F6D-9222-3C6FAE0F505A}.Release|Any CPU.ActiveCfg = Release|Any CPU
		{CF8181E5-79CA-4F6D-9222-3C6FAE0F505A}.Release|Any CPU.Build.0 = Release|Any CPU
	EndGlobalSection
	GlobalSection(SolutionProperties) = preSolution
		HideSolutionNode = FALSE
	EndGlobalSection
	GlobalSection(ExtensibilityGlobals) = postSolution
		SolutionGuid = {1A8F509F-D418-4745-82C6-44EBAC1AAC3F}
	EndGlobalSection
EndGlobal
